{
  "lockfile_version": "1",
  "packages": {
    "_7zz@latest": {
      "last_modified": "2025-08-10T04:38:50Z",
      "resolved": "github:NixOS/nixpkgs/641d909c4a7538f1539da9240dedb1755c907e40#_7zz",
      "source": "devbox-search",
      "version": "25.01",
      "systems": {
        "aarch64-darwin": {
          "outputs": [
            {
              "name": "out",
              "path": "/nix/store/f7qk080l8ia49md1ha2cchi59zf7b1fv-7zz-25.01",
              "default": true
            }
          ],
          "store_path": "/nix/store/f7qk080l8ia49md1ha2cchi59zf7b1fv-7zz-25.01"
        },
        "aarch64-linux": {
          "outputs": [
            {
              "name": "out",
              "path": "/nix/store/11ab95pk0xlxpz5kz4yiiv2hz5vppxpz-7zz-25.01",
              "default": true
            }
          ],
          "store_path": "/nix/store/11ab95pk0xlxpz5kz4yiiv2hz5vppxpz-7zz-25.01"
        },
        "x86_64-darwin": {
          "outputs": [
            {
              "name": "out",
              "path": "/nix/store/1085s0iwi6d8ixrmb9qc1sgdhkh98n49-7zz-25.01",
              "default": true
            }
          ],
          "store_path": "/nix/store/1085s0iwi6d8ixrmb9qc1sgdhkh98n49-7zz-25.01"
        },
        "x86_64-linux": {
          "outputs": [
            {
              "name": "out",
              "path": "/nix/store/86y9knwiqgprgvqzzs42l0v09gghry69-7zz-25.01",
              "default": true
            }
          ],
          "store_path": "/nix/store/86y9knwiqgprgvqzzs42l0v09gghry69-7zz-25.01"
        }
      }
    },
    "curl@latest": {
      "last_modified": "2025-08-11T16:06:55Z",
      "resolved": "github:NixOS/nixpkgs/4e942f9ef5b35526597c354d1ded817d1c285ef1#curl",
      "source": "devbox-search",
      "version": "8.14.1",
      "systems": {
        "aarch64-darwin": {
          "outputs": [
            {
              "name": "bin",
              "path": "/nix/store/imspxq4rizhk2lpv3a25ngm2lmcc35p4-curl-8.14.1-bin",
              "default": true
            },
            {
              "name": "man",
              "path": "/nix/store/qvxv8a6bhj6b3r3d3zxax8ksk7gx42k0-curl-8.14.1-man",
              "default": true
            },
            {
              "name": "dev",
              "path": "/nix/store/q9m2lbh8v0zqpb8av029ph7zn63gs9jd-curl-8.14.1-dev"
            },
            {
              "name": "devdoc",
              "path": "/nix/store/knz60qb7akg16z3zc4ya4j74nnh4d41z-curl-8.14.1-devdoc"
            },
            {
              "name": "out",
              "path": "/nix/store/8b6q78qwjn07zy4i5pxfbsfq50prgkfp-curl-8.14.1"
            }
          ],
          "store_path": "/nix/store/imspxq4rizhk2lpv3a25ngm2lmcc35p4-curl-8.14.1-bin"
        },
        "aarch64-linux": {
          "outputs": [
            {
              "name": "bin",
              "path": "/nix/store/xjyd8czibdxvwqyh7ybnh300cykzis3g-curl-8.14.1-bin",
              "default": true
            },
            {
              "name": "man",
              "path": "/nix/store/h97kdc67n02xx4ij47gh448knfxrxkyr-curl-8.14.1-man",
              "default": true
            },
            {
              "name": "debug",
              "path": "/nix/store/qls3y5lyqnzgqi19w0vhsg7fsw4p7slw-curl-8.14.1-debug"
            },
            {
              "name": "dev",
              "path": "/nix/store/fzy5wbav5r78alzhsalh4bnp1wdwsd4h-curl-8.14.1-dev"
            },
            {
              "name": "devdoc",
              "path": "/nix/store/j7jilzkvpzg8iz4lhpb0zjnv4gn58n47-curl-8.14.1-devdoc"
            },
            {
              "name": "out",
              "path": "/nix/store/7zlkjxk4n4n2mch4ssblql8855gqnzqv-curl-8.14.1"
            }
          ],
          "store_path": "/nix/store/xjyd8czibdxvwqyh7ybnh300cykzis3g-curl-8.14.1-bin"
        },
        "x86_64-darwin": {
          "outputs": [
            {
              "name": "bin",
              "path": "/nix/store/a2a99s8h5jjfzx8704awj9110kvslzp1-curl-8.14.1-bin",
              "default": true
            },
            {
              "name": "man",
              "path": "/nix/store/yq9vks1sd1q6xk2w18h8mwm679v8c00c-curl-8.14.1-man",
              "default": true
            },
            {
              "name": "dev",
              "path": "/nix/store/688vl41z3mqnfx0r9y4pm3p8hphq5cw8-curl-8.14.1-dev"
            },
            {
              "name": "devdoc",
              "path": "/nix/store/zjrh5iz7a0gg20jxc8hwlcsxijh03n9p-curl-8.14.1-devdoc"
            },
            {
              "name": "out",
              "path": "/nix/store/w5aw4lds1xyg4hi1k5dk43bwhrfw5061-curl-8.14.1"
            }
          ],
          "store_path": "/nix/store/a2a99s8h5jjfzx8704awj9110kvslzp1-curl-8.14.1-bin"
        },
        "x86_64-linux": {
          "outputs": [
            {
              "name": "bin",
              "path": "/nix/store/z1l1b9bdzk6yspdf53z90n2dv311g1r6-curl-8.14.1-bin",
              "default": true
            },
            {
              "name": "man",
              "path": "/nix/store/zv6lnrb8hladdc91y0v4mazi0sxwmzq2-curl-8.14.1-man",
              "default": true
            },
            {
              "name": "devdoc",
              "path": "/nix/store/lrnviaphs4pf2cy3625d0vp94c4pzbpm-curl-8.14.1-devdoc"
            },
            {
              "name": "out",
              "path": "/nix/store/95iy4kvy1xllg2fpb14dhw4m3ff3l0f0-curl-8.14.1"
            },
            {
              "name": "debug",
              "path": "/nix/store/q116b51lfnj36r2cyfhrjad7lr6kydx8-curl-8.14.1-debug"
            },
            {
              "name": "dev",
              "path": "/nix/store/912hlbqiabfk5xy0ajla6z9dwzlwkn87-curl-8.14.1-dev"
            }
          ],
          "store_path": "/nix/store/z1l1b9bdzk6yspdf53z90n2dv311g1r6-curl-8.14.1-bin"
        }
      }
    },
    "darwin.apple_sdk.frameworks.CoreServices": {
      "resolved": "github:NixOS/nixpkgs/1128e89fd5e11bb25aedbfc287733c6502202ea9?narHash=sha256-3ebRdThRic9bHMuNi2IAA%2Fek9b32bsy8F5R4SvGTIog%3D#darwin.apple_sdk.frameworks.CoreServices",
      "source": "nixpkg",
      "systems": {
        "aarch64-darwin": {
          "outputs": [
            {
              "path": "/nix/store/0rwhk4zrnpwhbjfjlj3fifiqwvkrbn0f-CoreServices-11.0",
              "default": true
            }
          ]
        }
      }
    },
    "git@latest": {
      "last_modified": "2025-07-28T17:09:23Z",
      "resolved": "github:NixOS/nixpkgs/648f70160c03151bc2121d179291337ad6bc564b#git",
      "source": "devbox-search",
      "version": "2.50.1",
      "systems": {
        "aarch64-darwin": {
          "outputs": [
            {
              "name": "out",
              "path": "/nix/store/jn9byxgdjndngf0d2by0djg8gcdll7xc-git-2.50.1",
              "default": true
            },
            {
              "name": "doc",
              "path": "/nix/store/j8djmq64ckbah7bl6jv1y6arrjr0shmv-git-2.50.1-doc"
            }
          ],
          "store_path": "/nix/store/jn9byxgdjndngf0d2by0djg8gcdll7xc-git-2.50.1"
        },
        "aarch64-linux": {
          "outputs": [
            {
              "name": "out",
              "path": "/nix/store/h4pvvix6pvnvys9a6y1xj2442r1ajdhl-git-2.50.1",
              "default": true
            },
            {
              "name": "doc",
              "path": "/nix/store/q8sicpx16gyzxnp3345a46lj4cz9wd09-git-2.50.1-doc"
            },
            {
              "name": "debug",
              "path": "/nix/store/rpxnrnsn4nbx8wm9d2vrgj0fr5xzz5lg-git-2.50.1-debug"
            }
          ],
          "store_path": "/nix/store/h4pvvix6pvnvys9a6y1xj2442r1ajdhl-git-2.50.1"
        },
        "x86_64-darwin": {
          "outputs": [
            {
              "name": "out",
              "path": "/nix/store/8d1n8cvi5x1j0v61459lvhqs26vmcqbl-git-2.50.1",
              "default": true
            },
            {
              "name": "doc",
              "path": "/nix/store/yn9cvbs7jz4dfdb17qralgr0ybi5rmjf-git-2.50.1-doc"
            }
          ],
          "store_path": "/nix/store/8d1n8cvi5x1j0v61459lvhqs26vmcqbl-git-2.50.1"
        },
        "x86_64-linux": {
          "outputs": [
            {
              "name": "out",
              "path": "/nix/store/5i8zvall945kypmwgqd0y47f02pldwp4-git-2.50.1",
              "default": true
            },
            {
              "name": "debug",
              "path": "/nix/store/l46kpjpcwwp8l7kzzr1s2dlk646r73z2-git-2.50.1-debug"
            },
            {
              "name": "doc",
              "path": "/nix/store/d2lhlzkdziwmijik8nszfwp8srbkskb9-git-2.50.1-doc"
            }
          ],
          "store_path": "/nix/store/5i8zvall945kypmwgqd0y47f02pldwp4-git-2.50.1"
        }
      }
    },
    "github:NixOS/nixpkgs/nixpkgs-unstable": {
      "last_modified": "2025-08-17T00:02:45Z",
      "resolved": "github:NixOS/nixpkgs/09906cab24f49dedbb5b429f8b6c840d4e75b1b7?lastModified=1755388965&narHash=sha256-YKdbjp8rb4BH6hq1r7%2FIcJ12XvB5tsZW76sDb9G%2FeII%3D"
    },
    "xz@latest": {
      "last_modified": "2025-08-12T09:17:37Z",
      "resolved": "github:NixOS/nixpkgs/372d9eeeafa5b15913201e2b92e8e539ac7c64d1#xz",
      "source": "devbox-search",
      "version": "5.8.1",
      "systems": {
        "aarch64-darwin": {
          "outputs": [
            {
              "name": "bin",
              "path": "/nix/store/vmb7dz5j8hf5s5qvg6j3my4cvnq0f7kv-xz-5.8.1-bin",
              "default": true
            },
            {
              "name": "man",
              "path": "/nix/store/yknvkiqfkz6d1vr8cz32macdrib8bb25-xz-5.8.1-man",
              "default": true
            },
            {
              "name": "dev",
              "path": "/nix/store/4myma0p398jcyz1iz85awklsfih3bc0r-xz-5.8.1-dev"
            },
            {
              "name": "doc",
              "path": "/nix/store/0lmv68dgq1yqgvn3imfkb3nh6agkx50l-xz-5.8.1-doc"
            },
            {
              "name": "out",
              "path": "/nix/store/3m34h98n8mygjzr670j7lvgm469g309j-xz-5.8.1"
            }
          ],
          "store_path": "/nix/store/vmb7dz5j8hf5s5qvg6j3my4cvnq0f7kv-xz-5.8.1-bin"
        },
        "aarch64-linux": {
          "outputs": [
            {
              "name": "bin",
              "path": "/nix/store/kqr1xlzijrzk3hgkxw2mnkcwsg971k00-xz-5.8.1-bin",
              "default": true
            },
            {
              "name": "man",
              "path": "/nix/store/694768axamn0s8byh6nrmj93l6lnpcdn-xz-5.8.1-man",
              "default": true
            },
            {
              "name": "out",
              "path": "/nix/store/y9gmfbwk0xrm73y15mc4y7zn822ljzdj-xz-5.8.1"
            },
            {
              "name": "dev",
              "path": "/nix/store/c4adq047xksbg39ay5hzpn0vw1ph23k5-xz-5.8.1-dev"
            },
            {
              "name": "doc",
              "path": "/nix/store/mc2mn8mh9a16h057w40xzzfag3a6b0nq-xz-5.8.1-doc"
            }
          ],
          "store_path": "/nix/store/kqr1xlzijrzk3hgkxw2mnkcwsg971k00-xz-5.8.1-bin"
        },
        "x86_64-darwin": {
          "outputs": [
            {
              "name": "bin",
              "path": "/nix/store/39dkknx5khisqaibxmk8pqxyd3iwy0ym-xz-5.8.1-bin",
              "default": true
            },
            {
              "name": "man",
              "path": "/nix/store/haykxbhygaizagrbppw5yb7wi751siw2-xz-5.8.1-man",
              "default": true
            },
            {
              "name": "dev",
              "path": "/nix/store/lafvybpgdifaw6vbf8pipv875n54wmcw-xz-5.8.1-dev"
            },
            {
              "name": "doc",
              "path": "/nix/store/rczhqgrc2c6hzrbw9l1n469v7vlwh1rl-xz-5.8.1-doc"
            },
            {
              "name": "out",
              "path": "/nix/store/1xfqi9vj40q8k0sig7pphrz7vkhvg90r-xz-5.8.1"
            }
          ],
          "store_path": "/nix/store/39dkknx5khisqaibxmk8pqxyd3iwy0ym-xz-5.8.1-bin"
        },
        "x86_64-linux": {
          "outputs": [
            {
              "name": "bin",
              "path": "/nix/store/7hkhqmlsdv2nq3lb41qs1jym8k6xrwcn-xz-5.8.1-bin",
              "default": true
            },
            {
              "name": "man",
              "path": "/nix/store/k32nm3ir5h3sf8kbk6nj8yf5rr8bzlfh-xz-5.8.1-man",
              "default": true
            },
            {
              "name": "dev",
              "path": "/nix/store/jbhjq9z55h0dmr0lri4ka17kqwg5hr8q-xz-5.8.1-dev"
            },
            {
              "name": "doc",
              "path": "/nix/store/b7m0yl4yx0gjdjbjgh72n9kh7rmkpgjq-xz-5.8.1-doc"
            },
            {
              "name": "out",
              "path": "/nix/store/lrzs7l92j20n81rv4hs5js5qigg686s3-xz-5.8.1"
            }
          ],
          "store_path": "/nix/store/7hkhqmlsdv2nq3lb41qs1jym8k6xrwcn-xz-5.8.1-bin"
        }
      }
    }
  }
}
