[[tools.elixir]]
version = "1.18-otp-27"
backend = "core:elixir"
"platforms.macos-arm64" = { checksum = "blake3:3a30780da132afe0004736297749c14a2443a9f37622e17b91ce171c0e456cfa"}

[[tools.erlang]]
version = "27.3.4"
backend = "core:erlang"
"platforms.macos-arm64" = { checksum = "blake3:d61ea82a138649d26712222b71e2e0c3644eed16fb8dc2e63bfa1d2d370c98e2"}
