# @generated - this file is auto-generated by `mise lock` https://mise.jdx.dev/dev-tools/mise-lock.html

[[tools."aqua:elixir-lang/expert"]]
version = "0.1.8"
backend = "aqua:elixir-lang/expert"

[tools."aqua:elixir-lang/expert"."platforms.linux-arm64"]
checksum = "sha256:d3df648c7fed17a962878f95444e2fcdf1c64cfa807a2d5221b558f5c85d86af"
url = "https://github.com/expert-lsp/expert/releases/download/v0.1.8/expert_linux_arm64"
url_api = "https://api.github.com/repos/expert-lsp/expert/releases/assets/491340828"

[tools."aqua:elixir-lang/expert"."platforms.linux-arm64-musl"]
checksum = "sha256:d3df648c7fed17a962878f95444e2fcdf1c64cfa807a2d5221b558f5c85d86af"
url = "https://github.com/expert-lsp/expert/releases/download/v0.1.8/expert_linux_arm64"
url_api = "https://api.github.com/repos/expert-lsp/expert/releases/assets/491340828"

[tools."aqua:elixir-lang/expert"."platforms.linux-x64"]
checksum = "sha256:caf0ded54e83f318cfe659e2ac3dd1f2d2e71a1c1a3c28ab3290475954fd9aee"
url = "https://github.com/expert-lsp/expert/releases/download/v0.1.8/expert_linux_amd64"
url_api = "https://api.github.com/repos/expert-lsp/expert/releases/assets/491340826"

[tools."aqua:elixir-lang/expert"."platforms.linux-x64-musl"]
checksum = "sha256:caf0ded54e83f318cfe659e2ac3dd1f2d2e71a1c1a3c28ab3290475954fd9aee"
url = "https://github.com/expert-lsp/expert/releases/download/v0.1.8/expert_linux_amd64"
url_api = "https://api.github.com/repos/expert-lsp/expert/releases/assets/491340826"

[tools."aqua:elixir-lang/expert"."platforms.macos-arm64"]
checksum = "sha256:65b574eb64cbf3ccb0f5c1e0d8147e5f67f71f087a7a93c05ebec757659d4d72"
url = "https://github.com/expert-lsp/expert/releases/download/v0.1.8/expert_darwin_arm64"
url_api = "https://api.github.com/repos/expert-lsp/expert/releases/assets/491340831"

[tools."aqua:elixir-lang/expert"."platforms.macos-x64"]
checksum = "sha256:289bcb6e0405962ae21fdc625c3b31a3226981e3c801092b4232eec856fe0fd4"
url = "https://github.com/expert-lsp/expert/releases/download/v0.1.8/expert_darwin_amd64"
url_api = "https://api.github.com/repos/expert-lsp/expert/releases/assets/491340830"

[tools."aqua:elixir-lang/expert"."platforms.windows-x64"]
checksum = "sha256:6214f1663ab634a76b662ceb9431bf5804821254052cdfa2d950d300e436e8c5"
url = "https://github.com/expert-lsp/expert/releases/download/v0.1.8/expert_windows_amd64.exe"
url_api = "https://api.github.com/repos/expert-lsp/expert/releases/assets/491340844"

[[tools."aqua:ip7z/7zip"]]
version = "26.02"
backend = "aqua:ip7z/7zip"

[tools."aqua:ip7z/7zip"."platforms.linux-arm64"]
checksum = "sha256:70ea6cc737ae1495ea2d7eb20ef3120fe579bd3f1a83a9d2362b62ec5bde2bba"
url = "https://github.com/ip7z/7zip/releases/download/26.02/7z2602-linux-arm64.tar.xz"
url_api = "https://api.github.com/repos/ip7z/7zip/releases/assets/458363897"

[tools."aqua:ip7z/7zip"."platforms.linux-arm64-musl"]
checksum = "sha256:70ea6cc737ae1495ea2d7eb20ef3120fe579bd3f1a83a9d2362b62ec5bde2bba"
url = "https://github.com/ip7z/7zip/releases/download/26.02/7z2602-linux-arm64.tar.xz"
url_api = "https://api.github.com/repos/ip7z/7zip/releases/assets/458363897"

[tools."aqua:ip7z/7zip"."platforms.linux-x64"]
checksum = "sha256:41aaba7b1235304ab5aa0624530c67ae829496cd29e875925271efdccc28c03e"
url = "https://github.com/ip7z/7zip/releases/download/26.02/7z2602-linux-x64.tar.xz"
url_api = "https://api.github.com/repos/ip7z/7zip/releases/assets/458363910"

[tools."aqua:ip7z/7zip"."platforms.linux-x64-musl"]
checksum = "sha256:41aaba7b1235304ab5aa0624530c67ae829496cd29e875925271efdccc28c03e"
url = "https://github.com/ip7z/7zip/releases/download/26.02/7z2602-linux-x64.tar.xz"
url_api = "https://api.github.com/repos/ip7z/7zip/releases/assets/458363910"

[tools."aqua:ip7z/7zip"."platforms.macos-arm64"]
checksum = "sha256:1cf6760579502f87e591ff5c73a005ec50b3e4d6f507e8b038382d563c3175b9"
url = "https://github.com/ip7z/7zip/releases/download/26.02/7z2602-mac.tar.xz"
url_api = "https://api.github.com/repos/ip7z/7zip/releases/assets/458364002"

[tools."aqua:ip7z/7zip"."platforms.macos-x64"]
checksum = "sha256:1cf6760579502f87e591ff5c73a005ec50b3e4d6f507e8b038382d563c3175b9"
url = "https://github.com/ip7z/7zip/releases/download/26.02/7z2602-mac.tar.xz"
url_api = "https://api.github.com/repos/ip7z/7zip/releases/assets/458364002"

[tools."aqua:ip7z/7zip"."platforms.windows-x64"]
checksum = "sha256:081df9e9311dfd9c9e0e98c1c80180b99bb51e4cb24156b5f3057fe3c259d70a"
url = "https://github.com/ip7z/7zip/releases/download/26.02/7z2602-extra.7z"
url_api = "https://api.github.com/repos/ip7z/7zip/releases/assets/458363818"

[[tools.elixir]]
version = "1.20.3"
backend = "core:elixir"

[tools.elixir."platforms.linux-arm64"]
checksum = "sha256:28b1707b69df18515f63242e8d218d8dffd31dadfc21bfe649618ca1f1b41b73"
url = "https://builds.hex.pm/builds/elixir/v1.20.3.zip"

[tools.elixir."platforms.linux-arm64-musl"]
checksum = "sha256:28b1707b69df18515f63242e8d218d8dffd31dadfc21bfe649618ca1f1b41b73"
url = "https://builds.hex.pm/builds/elixir/v1.20.3.zip"

[tools.elixir."platforms.linux-x64"]
checksum = "sha256:28b1707b69df18515f63242e8d218d8dffd31dadfc21bfe649618ca1f1b41b73"
url = "https://builds.hex.pm/builds/elixir/v1.20.3.zip"

[tools.elixir."platforms.linux-x64-musl"]
checksum = "sha256:28b1707b69df18515f63242e8d218d8dffd31dadfc21bfe649618ca1f1b41b73"
url = "https://builds.hex.pm/builds/elixir/v1.20.3.zip"

[tools.elixir."platforms.macos-arm64"]
checksum = "blake3:aec543a6cc2ca19ba2b755cb3d5362688c465e237836815101c7fc177e466eb5"
url = "https://builds.hex.pm/builds/elixir/v1.20.3.zip"

[tools.elixir."platforms.macos-x64"]
checksum = "sha256:28b1707b69df18515f63242e8d218d8dffd31dadfc21bfe649618ca1f1b41b73"
url = "https://builds.hex.pm/builds/elixir/v1.20.3.zip"

[tools.elixir."platforms.windows-x64"]
checksum = "sha256:28b1707b69df18515f63242e8d218d8dffd31dadfc21bfe649618ca1f1b41b73"
url = "https://builds.hex.pm/builds/elixir/v1.20.3.zip"

[[tools.elixir-ls]]
version = "0.31.1"
backend = "asdf:elixir-ls"

[[tools.erlang]]
version = "29.0.5"
backend = "core:erlang"

[tools.erlang."platforms.linux-arm64-musl"]
checksum = "sha256:86f6f40d4638852b0383235b02a70d8450184e441e83a06a108bf8e5bf1b2e04"
url = "https://github.com/erlang/otp/releases/download/OTP-29.0.5/otp_src_29.0.5.tar.gz"
url_api = "https://api.github.com/repos/erlang/otp/releases/assets/501327246"
install = "source"

[tools.erlang."platforms.linux-x64-musl"]
checksum = "sha256:86f6f40d4638852b0383235b02a70d8450184e441e83a06a108bf8e5bf1b2e04"
url = "https://github.com/erlang/otp/releases/download/OTP-29.0.5/otp_src_29.0.5.tar.gz"
url_api = "https://api.github.com/repos/erlang/otp/releases/assets/501327246"
install = "source"

[tools.erlang."platforms.macos-arm64"]
checksum = "sha256:24b9e00da2b9ad25b1f182e2efd73ff316e46ec4b143c0cc3c69dbd27d5a594d"
url = "https://github.com/erlef/otp_builds/releases/download/OTP-29.0.5/otp-aarch64-apple-darwin.tar.gz"
url_api = "https://api.github.com/repos/erlef/otp_builds/releases/assets/501257195"

[tools.erlang."platforms.macos-x64"]
checksum = "sha256:c8d18eebb9076f90b1c78594e27f67fc9b8b8f07af524aaf1f8e133e3652dec5"
url = "https://github.com/erlef/otp_builds/releases/download/OTP-29.0.5/otp-x86_64-apple-darwin.tar.gz"
url_api = "https://api.github.com/repos/erlef/otp_builds/releases/assets/501261563"

[tools.erlang."platforms.windows-x64"]
checksum = "sha256:8bd0be5f6a1bd866bf8b8955c35d0cb4de7c7c935da29f351b599e0b5ed92409"
url = "https://github.com/erlang/otp/releases/download/OTP-29.0.5/otp_win64_29.0.5.zip"
url_api = "https://api.github.com/repos/erlang/otp/releases/assets/501281670"

[[tools.gh]]
version = "2.97.0"
backend = "aqua:cli/cli"

[tools.gh."platforms.linux-arm64"]
checksum = "sha256:73ea440ecad9c9e284429997ee6f93577bc6f7bc6fba357ef62c53ad8fb641a5"
url = "https://github.com/cli/cli/releases/download/v2.97.0/gh_2.97.0_linux_arm64.tar.gz"
url_api = "https://api.github.com/repos/cli/cli/releases/assets/496108278"
provenance = "github-attestations"

[tools.gh."platforms.linux-arm64-musl"]
checksum = "sha256:73ea440ecad9c9e284429997ee6f93577bc6f7bc6fba357ef62c53ad8fb641a5"
url = "https://github.com/cli/cli/releases/download/v2.97.0/gh_2.97.0_linux_arm64.tar.gz"
url_api = "https://api.github.com/repos/cli/cli/releases/assets/496108278"
provenance = "github-attestations"

[tools.gh."platforms.linux-x64"]
checksum = "sha256:a2c9b8497e1f85b1ad0dfcb78b5a622e098801b8e461e459e88e1ee12f018112"
url = "https://github.com/cli/cli/releases/download/v2.97.0/gh_2.97.0_linux_amd64.tar.gz"
url_api = "https://api.github.com/repos/cli/cli/releases/assets/496108269"
provenance = "github-attestations"

[tools.gh."platforms.linux-x64-musl"]
checksum = "sha256:a2c9b8497e1f85b1ad0dfcb78b5a622e098801b8e461e459e88e1ee12f018112"
url = "https://github.com/cli/cli/releases/download/v2.97.0/gh_2.97.0_linux_amd64.tar.gz"
url_api = "https://api.github.com/repos/cli/cli/releases/assets/496108269"
provenance = "github-attestations"

[tools.gh."platforms.macos-arm64"]
checksum = "sha256:a58b8fd77b417a38f47a0b54d1370c59b0fcdb324ccc9ca002b0998f7c4c999e"
url = "https://github.com/cli/cli/releases/download/v2.97.0/gh_2.97.0_macOS_arm64.zip"
url_api = "https://api.github.com/repos/cli/cli/releases/assets/496108298"
provenance = "github-attestations"

[tools.gh."platforms.macos-x64"]
checksum = "sha256:63298c998cc2a924c9e254c6af6a1caad6ece281122687a91f079bc0a462700e"
url = "https://github.com/cli/cli/releases/download/v2.97.0/gh_2.97.0_macOS_amd64.zip"
url_api = "https://api.github.com/repos/cli/cli/releases/assets/496108300"
provenance = "github-attestations"

[tools.gh."platforms.windows-x64"]
checksum = "sha256:35d7fe05c4dd1411ffda1e73dfc7c6f44b75c936ca51fa6595c657fdc0350cec"
url = "https://github.com/cli/cli/releases/download/v2.97.0/gh_2.97.0_windows_amd64.zip"
url_api = "https://api.github.com/repos/cli/cli/releases/assets/496108319"
provenance = "github-attestations"

[[tools.hk]]
version = "1.55.0"
backend = "aqua:jdx/hk"

[tools.hk."platforms.linux-arm64"]
checksum = "sha256:64c44aa0f26e995f7d9c44cc9c5116e20052bcefc821daf17ce3df265bb0b2d6"
url = "https://github.com/jdx/hk/releases/download/v1.55.0/hk-aarch64-unknown-linux-gnu.tar.gz"
url_api = "https://api.github.com/repos/jdx/hk/releases/assets/510729669"

[tools.hk."platforms.linux-arm64-musl"]
checksum = "sha256:21eccba81a4b9ac73431d876d8ed5add16a01df360f6d3d576279903254599f6"
url = "https://github.com/jdx/hk/releases/download/v1.55.0/hk-aarch64-unknown-linux-musl.tar.gz"
url_api = "https://api.github.com/repos/jdx/hk/releases/assets/510729671"

[tools.hk."platforms.linux-x64"]
checksum = "sha256:efd6ed276ae8a26cc95fcb8c83051d9a3fd05e124d38170c0f057a716e9de94d"
url = "https://github.com/jdx/hk/releases/download/v1.55.0/hk-x86_64-unknown-linux-gnu.tar.gz"
url_api = "https://api.github.com/repos/jdx/hk/releases/assets/510729679"

[tools.hk."platforms.linux-x64-musl"]
checksum = "sha256:f00e04f536bec16bbc8c7cf8696f834d6ad80ddbcc1e653e3110d12ee4de2b42"
url = "https://github.com/jdx/hk/releases/download/v1.55.0/hk-x86_64-unknown-linux-musl.tar.gz"
url_api = "https://api.github.com/repos/jdx/hk/releases/assets/510729680"

[tools.hk."platforms.macos-arm64"]
checksum = "sha256:a995ff68402bcf6c16ab054e4c45db592213bcd661c9b92003d4a62f2d56d4b1"
url = "https://github.com/jdx/hk/releases/download/v1.55.0/hk-aarch64-apple-darwin.tar.gz"
url_api = "https://api.github.com/repos/jdx/hk/releases/assets/510729670"

[tools.hk."platforms.windows-x64"]
checksum = "sha256:402b3c9c5f9a5b3cb8ab6229d0f6d169b122fc3db1e39fc2fa53421a1aa24fc5"
url = "https://github.com/jdx/hk/releases/download/v1.55.0/hk-x86_64-pc-windows-msvc.zip"
url_api = "https://api.github.com/repos/jdx/hk/releases/assets/510729674"

[[tools."nix:git"]]
version = "2.53.0"
backend = "nix:git"

[[tools."nix:xz"]]
version = "5.8.2"
backend = "nix:xz"

[[tools.node]]
version = "22.21.1"
backend = "core:node"

[tools.node."platforms.macos-arm64"]
checksum = "sha256:c170d6554fba83d41d25a76cdbad85487c077e51fa73519e41ac885aa429d8af"
url = "https://nodejs.org/dist/v22.21.1/node-v22.21.1-darwin-arm64.tar.gz"

[[tools.pkl]]
version = "0.32.1"
backend = "aqua:apple/pkl"

[tools.pkl."platforms.linux-arm64"]
checksum = "sha256:a76d2dd47da435a8f911b0347373f47c7e59ea54fb75ff846d20b8df10dba058"
url = "https://github.com/apple/pkl/releases/download/0.32.1/pkl-linux-aarch64"
url_api = "https://api.github.com/repos/apple/pkl/releases/assets/487426568"

[tools.pkl."platforms.linux-arm64-musl"]
checksum = "sha256:a76d2dd47da435a8f911b0347373f47c7e59ea54fb75ff846d20b8df10dba058"
url = "https://github.com/apple/pkl/releases/download/0.32.1/pkl-linux-aarch64"
url_api = "https://api.github.com/repos/apple/pkl/releases/assets/487426568"

[tools.pkl."platforms.linux-x64"]
checksum = "sha256:3180b62da95c0cad1d904e9bb6c5f4a8f9032413c21e53194bb91ff1ee5f3211"
url = "https://github.com/apple/pkl/releases/download/0.32.1/pkl-linux-amd64"
url_api = "https://api.github.com/repos/apple/pkl/releases/assets/487426567"

[tools.pkl."platforms.linux-x64-musl"]
checksum = "sha256:3180b62da95c0cad1d904e9bb6c5f4a8f9032413c21e53194bb91ff1ee5f3211"
url = "https://github.com/apple/pkl/releases/download/0.32.1/pkl-linux-amd64"
url_api = "https://api.github.com/repos/apple/pkl/releases/assets/487426567"

[tools.pkl."platforms.macos-arm64"]
checksum = "sha256:563eb51c9a20b16a3625464ed745c675ed9750381f2126722696a0d7cac1d9d3"
url = "https://github.com/apple/pkl/releases/download/0.32.1/pkl-macos-aarch64"
url_api = "https://api.github.com/repos/apple/pkl/releases/assets/487426570"

[tools.pkl."platforms.macos-x64"]
checksum = "sha256:5b74b903234047960144f66f2cebdd12d267d9b98e8155ed91d2ae5ed27e2d1f"
url = "https://github.com/apple/pkl/releases/download/0.32.1/pkl-macos-amd64"
url_api = "https://api.github.com/repos/apple/pkl/releases/assets/487426599"

[tools.pkl."platforms.windows-x64"]
checksum = "sha256:8550a00fcf027335e42c5e2cd553b88e98845408cb1880b3e3d1860caf46d22a"
url = "https://github.com/apple/pkl/releases/download/0.32.1/pkl-windows-amd64.exe"
url_api = "https://api.github.com/repos/apple/pkl/releases/assets/487426668"

[[tools.python]]
version = "3.14.7"
backend = "core:python"

[tools.python."platforms.linux-arm64"]
checksum = "sha256:4dba8d7e06199f841a9d6b54e4eb58d446a5c20c65085a916190dd0162c6e93b"
url = "https://github.com/astral-sh/python-build-standalone/releases/download/20260807/cpython-3.14.7+20260807-aarch64-unknown-linux-gnu-install_only_stripped.tar.gz"
provenance = "github-attestations"

[tools.python."platforms.linux-arm64-musl"]
checksum = "sha256:10be7fe15ba5d1e5cfee1c2d8a9c720f29621b873e1f147f0b0a07f23de20d1a"
url = "https://github.com/astral-sh/python-build-standalone/releases/download/20260807/cpython-3.14.7+20260807-aarch64-unknown-linux-musl-install_only_stripped.tar.gz"
provenance = "github-attestations"

[tools.python."platforms.linux-x64"]
checksum = "sha256:a2478d654ed51d443bae21ec20ad927f116b4f5aae4094ab74918a6aa38f0575"
url = "https://github.com/astral-sh/python-build-standalone/releases/download/20260807/cpython-3.14.7+20260807-x86_64-unknown-linux-gnu-install_only_stripped.tar.gz"
provenance = "github-attestations"

[tools.python."platforms.linux-x64-musl"]
checksum = "sha256:1fe25b50644b50b3333afa0d4013cc9cbab4dde4284c0154aebef4f53523ed99"
url = "https://github.com/astral-sh/python-build-standalone/releases/download/20260807/cpython-3.14.7+20260807-x86_64-unknown-linux-musl-install_only_stripped.tar.gz"
provenance = "github-attestations"

[tools.python."platforms.macos-arm64"]
checksum = "blake3:0fffab4211fa179caf8acb8324e08af1ba0c13288d5f1677c4f8eb2b40601cc0"
url = "https://github.com/astral-sh/python-build-standalone/releases/download/20260807/cpython-3.14.7+20260807-aarch64-apple-darwin-install_only_stripped.tar.gz"
provenance = "github-attestations"

[tools.python."platforms.macos-x64"]
checksum = "sha256:9964e2d618ebea03be8ea3e65ab0ecc0f2b030ce203345b8f92654641fd4de66"
url = "https://github.com/astral-sh/python-build-standalone/releases/download/20260807/cpython-3.14.7+20260807-x86_64-apple-darwin-install_only_stripped.tar.gz"
provenance = "github-attestations"

[tools.python."platforms.windows-x64"]
checksum = "sha256:840e368318d1630bd8efbd3f7de8fab32cb4bbd735baef733f9034f2676c6a92"
url = "https://github.com/astral-sh/python-build-standalone/releases/download/20260807/cpython-3.14.7+20260807-x86_64-pc-windows-msvc-install_only_stripped.tar.gz"
provenance = "github-attestations"

[[tools.watchexec]]
version = "2.5.1"
backend = "aqua:watchexec/watchexec"

[tools.watchexec."platforms.linux-arm64"]
checksum = "sha256:c073887583d502fa0b393a8b847bb4460a111b3b0a199d1f70dafd5d89e71a2f"
url = "https://github.com/watchexec/watchexec/releases/download/v2.5.1/watchexec-2.5.1-aarch64-unknown-linux-musl.tar.xz"
url_api = "https://api.github.com/repos/watchexec/watchexec/releases/assets/384489962"

[tools.watchexec."platforms.linux-arm64-musl"]
checksum = "sha256:c073887583d502fa0b393a8b847bb4460a111b3b0a199d1f70dafd5d89e71a2f"
url = "https://github.com/watchexec/watchexec/releases/download/v2.5.1/watchexec-2.5.1-aarch64-unknown-linux-musl.tar.xz"
url_api = "https://api.github.com/repos/watchexec/watchexec/releases/assets/384489962"

[tools.watchexec."platforms.linux-x64"]
checksum = "sha256:9efabd08de720c1ee7e57b487fe11904f0966828e76146e2b5ea5deee90626be"
url = "https://github.com/watchexec/watchexec/releases/download/v2.5.1/watchexec-2.5.1-x86_64-unknown-linux-musl.tar.xz"
url_api = "https://api.github.com/repos/watchexec/watchexec/releases/assets/384489936"

[tools.watchexec."platforms.linux-x64-musl"]
checksum = "sha256:9efabd08de720c1ee7e57b487fe11904f0966828e76146e2b5ea5deee90626be"
url = "https://github.com/watchexec/watchexec/releases/download/v2.5.1/watchexec-2.5.1-x86_64-unknown-linux-musl.tar.xz"
url_api = "https://api.github.com/repos/watchexec/watchexec/releases/assets/384489936"

[tools.watchexec."platforms.macos-arm64"]
checksum = "sha256:c5e405dd1109940b2510398d2182990c1be59063b94e11d7ace9c7b435cb1df1"
url = "https://github.com/watchexec/watchexec/releases/download/v2.5.1/watchexec-2.5.1-aarch64-apple-darwin.tar.xz"
url_api = "https://api.github.com/repos/watchexec/watchexec/releases/assets/384489930"

[tools.watchexec."platforms.macos-x64"]
checksum = "sha256:bb74bf33286ff7f31dd8e763e017fbc0418360d88baefd35bc57d662d28394e2"
url = "https://github.com/watchexec/watchexec/releases/download/v2.5.1/watchexec-2.5.1-x86_64-apple-darwin.tar.xz"
url_api = "https://api.github.com/repos/watchexec/watchexec/releases/assets/384489931"

[tools.watchexec."platforms.windows-x64"]
checksum = "sha256:aa448c2704ca1a37ce0f1fc75381d9a411946dd293cf6236293f549426a577f7"
url = "https://github.com/watchexec/watchexec/releases/download/v2.5.1/watchexec-2.5.1-x86_64-pc-windows-msvc.zip"
url_api = "https://api.github.com/repos/watchexec/watchexec/releases/assets/384489949"

[[tools.zig]]
version = "0.16.0"
backend = "core:zig"

[tools.zig."platforms.linux-arm64"]
checksum = "sha256:ea4b09bfb22ec6f6c6ceac57ab63efb6b46e17ab08d21f69f3a48b38e1534f17"
url = "https://ziglang.org/download/0.16.0/zig-aarch64-linux-0.16.0.tar.xz"

[tools.zig."platforms.linux-arm64-musl"]
checksum = "sha256:ea4b09bfb22ec6f6c6ceac57ab63efb6b46e17ab08d21f69f3a48b38e1534f17"
url = "https://ziglang.org/download/0.16.0/zig-aarch64-linux-0.16.0.tar.xz"

[tools.zig."platforms.linux-x64"]
checksum = "sha256:70e49664a74374b48b51e6f3fdfbf437f6395d42509050588bd49abe52ba3d00"
url = "https://ziglang.org/download/0.16.0/zig-x86_64-linux-0.16.0.tar.xz"

[tools.zig."platforms.linux-x64-musl"]
checksum = "sha256:70e49664a74374b48b51e6f3fdfbf437f6395d42509050588bd49abe52ba3d00"
url = "https://ziglang.org/download/0.16.0/zig-x86_64-linux-0.16.0.tar.xz"

[tools.zig."platforms.macos-arm64"]
checksum = "sha256:b23d70deaa879b5c2d486ed3316f7eaa53e84acf6fc9cc747de152450d401489"
url = "https://ziglang.org/download/0.16.0/zig-aarch64-macos-0.16.0.tar.xz"

[tools.zig."platforms.macos-x64"]
checksum = "sha256:0387557ed1877bc6a2e1802c8391953baddba76081876301c522f52977b52ba7"
url = "https://ziglang.org/download/0.16.0/zig-x86_64-macos-0.16.0.tar.xz"

[tools.zig."platforms.windows-x64"]
checksum = "sha256:68659eb5f1e4eb1437a722f1dd889c5a322c9954607f5edcf337bc3684a75a7e"
url = "https://ziglang.org/download/0.16.0/zig-x86_64-windows-0.16.0.zip"
