%{
  "assent": {:hex, :assent, "0.3.1", "7e7b04f4ab5d07b497b80c04f009a0f1efc409787e68b8e086512b9098f3095b", [:mix], [{:certifi, ">= 0.0.0", [hex: :certifi, repo: "hexpm", optional: true]}, {:finch, "~> 0.15", [hex: :finch, repo: "hexpm", optional: true]}, {:jose, "~> 1.8", [hex: :jose, repo: "hexpm", optional: true]}, {:req, "~> 0.4", [hex: :req, repo: "hexpm", optional: true]}, {:ssl_verify_fun, ">= 0.0.0", [hex: :ssl_verify_fun, repo: "hexpm", optional: true]}], "hexpm", "3597b31f9eb556d97e64cf60c00d3451f7353d7b465a71d33530b870ebed1ff1"},
  "aws": {:hex, :aws, "1.0.15", "a64ae362c79a33e52c998a52c332cb537bfce101fdd09acb875bef2affe92291", [:mix], [{:aws_signature, "~> 0.3", [hex: :aws_signature, repo: "hexpm", optional: false]}, {:finch, "~> 0.22", [hex: :finch, repo: "hexpm", optional: true]}, {:hackney, "~> 4.5", [hex: :hackney, repo: "hexpm", optional: true]}, {:jason, "~> 1.2", [hex: :jason, repo: "hexpm", optional: false]}], "hexpm", "ca9eb4e28b144bc34a1b95e93441af7200839257849164c01edafc06750d2405"},
  "aws_signature": {:hex, :aws_signature, "0.4.3", "28a308f9d39fd8d197874b6b737e8cd50a41be4d4dd765f408ca0483b026c18d", [:rebar3], [], "hexpm", "7b4dc6fd48e583b61cef75b330c344e71c451ba70903d1506af1e38caf68bb0c"},
  "bandit": {:hex, :bandit, "1.12.4", "10bbab488edf8162318d736c19c5837077b8fca2bf5d95b07b33830387124f62", [:mix], [{:hpax, "~> 1.0", [hex: :hpax, repo: "hexpm", optional: false]}, {:plug, "~> 1.18", [hex: :plug, repo: "hexpm", optional: false]}, {:telemetry, "~> 0.4 or ~> 1.0", [hex: :telemetry, repo: "hexpm", optional: false]}, {:thousand_island, "~> 1.5", [hex: :thousand_island, repo: "hexpm", optional: false]}, {:websock, "~> 0.5", [hex: :websock, repo: "hexpm", optional: false]}], "hexpm", "84513318c5752a2a8017664450f889b47fae5d53d64698ddf1e4fb09a7449e8d"},
  "burrito": {:hex, :burrito, "1.6.0", "7af0a75f11680e8a6e9c01370c9af51cb9d0e15b3226eddf4f438dbc68570520", [:mix], [{:jason, "~> 1.4", [hex: :jason, repo: "hexpm", optional: false]}, {:req, ">= 0.5.0", [hex: :req, repo: "hexpm", optional: false]}, {:typed_struct, "~> 0.2.0 or ~> 0.3.0", [hex: :typed_struct, repo: "hexpm", optional: false]}], "hexpm", "e636a00b032c45a69ff755d9fc53fa5fdc9e1d21bdbd229075fe4a15b05355fe"},
  "certifi": {:hex, :certifi, "2.17.0", "835748414307e15e05b17d0e518190228ce648b08d569a5cc93a85a40f3e5c9b", [:rebar3], [], "hexpm", "8122798a17f0293c80daada25d0f81c7f4d708c73fef782c7c9b1950e26e4d21"},
  "finch": {:hex, :finch, "0.23.0", "e3f9287ac25a8832f848b144c2b57346aac65b205e2e0629a52adfe6507fd837", [:mix], [{:mime, "~> 1.0 or ~> 2.0", [hex: :mime, repo: "hexpm", optional: false]}, {:mint, "~> 1.8", [hex: :mint, repo: "hexpm", optional: false]}, {:nimble_options, "~> 0.4 or ~> 1.0", [hex: :nimble_options, repo: "hexpm", optional: false]}, {:nimble_pool, "~> 1.1", [hex: :nimble_pool, repo: "hexpm", optional: false]}, {:telemetry, "~> 0.4 or ~> 1.0", [hex: :telemetry, repo: "hexpm", optional: false]}], "hexpm", "80e58d3f936f57e3fdf404f83a3642897ae6d9fb642934e46da4d8fe761b99d5"},
  "glob_ex": {:hex, :glob_ex, "0.1.11", "cb50d3f1ef53f6ca04d6252c7fde09fd7a1cf63387714fe96f340a1349e62c93", [:mix], [], "hexpm", "342729363056e3145e61766b416769984c329e4378f1d558b63e341020525de4"},
  "h2": {:hex, :h2, "0.12.0", "f393539ee2728f8118fb2024b6d5f3e2c45e40ceb31b18b4e9bf5e50d028f80f", [:rebar3], [], "hexpm", "beaafc93c54cdc5d623247334d3970cdf4bc66b6b8b296b74ba1d7c7513c3dfc"},
  "hackney": {:hex, :hackney, "4.7.4", "8fe2ddaa3ca27de99d68e682d72b66d07d2331da680f77c8000580a0122c69e6", [:rebar3], [{:certifi, "~> 2.17.0", [hex: :certifi, repo: "hexpm", optional: false]}, {:h2, "~> 0.12.0", [hex: :h2, repo: "hexpm", optional: false]}, {:idna, "~> 7.1.0", [hex: :idna, repo: "hexpm", optional: false]}, {:mimerl, "~> 1.5", [hex: :mimerl, repo: "hexpm", optional: false]}, {:parse_trans, "3.4.2", [hex: :parse_trans, repo: "hexpm", optional: false]}, {:ssl_verify_fun, "~> 1.1.0", [hex: :ssl_verify_fun, repo: "hexpm", optional: false]}, {:webtransport, "~> 0.4.5", [hex: :webtransport, repo: "hexpm", optional: false]}], "hexpm", "d07d7e1358353ab6cc75132f058c155287f3e013d43f709fbb79d79eeab98195"},
  "hpax": {:hex, :hpax, "1.0.4", "777de5d433b0fbdc7c418159c8055910faa8047ffdb3d6b31098d2a46cd7685c", [:mix], [], "hexpm", "afc7cb142ebcc2d01ce7816190b98ce5dd49e799111b24249f3443d730f377ca"},
  "idna": {:hex, :idna, "7.1.0", "1067a13043538129602d2f2ce6899d8713125c7d19734aa557ce2e3ea55bd4f1", [:rebar3], [], "hexpm", "6ae959a025bf36df61a8cab8508d9654891b5426a84c44d82deaffd6ddf8c71f"},
  "igniter": {:hex, :igniter, "0.6.30", "83a466369ebb8fe009e0823c7bf04314dc545122c2d48f896172fc79df33e99d", [:mix], [{:glob_ex, "~> 0.1.7", [hex: :glob_ex, repo: "hexpm", optional: false]}, {:jason, "~> 1.4", [hex: :jason, repo: "hexpm", optional: false]}, {:owl, "~> 0.11", [hex: :owl, repo: "hexpm", optional: false]}, {:phx_new, "~> 1.7", [hex: :phx_new, repo: "hexpm", optional: true]}, {:req, "~> 0.5", [hex: :req, repo: "hexpm", optional: false]}, {:rewrite, ">= 1.1.1 and < 2.0.0-0", [hex: :rewrite, repo: "hexpm", optional: false]}, {:sourceror, "~> 1.4", [hex: :sourceror, repo: "hexpm", optional: false]}, {:spitfire, ">= 0.1.3 and < 1.0.0-0", [hex: :spitfire, repo: "hexpm", optional: false]}], "hexpm", "76a14d5b7f850bb03b5243088c3649d54a2e52e34a2aa1104dee23cf50a8bae0"},
  "jason": {:hex, :jason, "1.4.5", "2e3a008590b0b8d7388c20293e9dcc9cf3e5d642fd2a114e4cbbb52e595d940a", [:mix], [{:decimal, "~> 1.0 or ~> 2.0 or ~> 3.0", [hex: :decimal, repo: "hexpm", optional: true]}], "hexpm", "b0c823996102bcd0239b3c2444eb00409b72f6a140c1950bc8b457d836b30684"},
  "mime": {:hex, :mime, "2.0.7", "b8d739037be7cd402aee1ba0306edfdef982687ee7e9859bee6198c1e7e2f128", [:mix], [], "hexpm", "6171188e399ee16023ffc5b76ce445eb6d9672e2e241d2df6050f3c771e80ccd"},
  "mimerl": {:hex, :mimerl, "1.5.0", "f35aca6f23242339b3666e0ac0702379e362b469d0aea167f6cc713547e777ed", [:rebar3], [], "hexpm", "db648ce065bae14ea84ca8b5dd123f42f49417cef693541110bf6f9e9be9ecc4"},
  "mint": {:hex, :mint, "1.9.3", "3337184d69179695c7a9f1714d92c11e629d36c8c037a21cf490131d3d150554", [:mix], [{:castore, "~> 0.1.0 or ~> 1.0", [hex: :castore, repo: "hexpm", optional: true]}, {:hpax, "~> 0.1.1 or ~> 0.2.0 or ~> 1.0", [hex: :hpax, repo: "hexpm", optional: false]}], "hexpm", "5f7c9342480c069dbbc4eeac3490303c9e01870ff01a7f1d29b6107054fc1e74"},
  "nimble_options": {:hex, :nimble_options, "1.1.1", "e3a492d54d85fc3fd7c5baf411d9d2852922f66e69476317787a7b2bb000a61b", [:mix], [], "hexpm", "821b2470ca9442c4b6984882fe9bb0389371b8ddec4d45a9504f00a66f650b44"},
  "nimble_pool": {:hex, :nimble_pool, "1.1.0", "bf9c29fbdcba3564a8b800d1eeb5a3c58f36e1e11d7b7fb2e084a643f645f06b", [:mix], [], "hexpm", "af2e4e6b34197db81f7aad230c1118eac993acc0dae6bc83bac0126d4ae0813a"},
  "owl": {:hex, :owl, "0.13.0", "26010e066d5992774268f3163506972ddac0a7e77bfe57fa42a250f24d6b876e", [:mix], [{:ucwidth, "~> 0.2", [hex: :ucwidth, repo: "hexpm", optional: true]}], "hexpm", "59bf9d11ce37a4db98f57cb68fbfd61593bf419ec4ed302852b6683d3d2f7475"},
  "parse_trans": {:hex, :parse_trans, "3.4.2", "c352ddc1a0d5e54f9b1654d45f9c432eef76f9cea371c55ddff769ef688fdb74", [:rebar3], [], "hexpm", "4c25347de3b7c35732d32e69ab43d1ceee0beae3f3b3ade1b59cbd3dd224d9ca"},
  "plug": {:hex, :plug, "1.20.3", "56c480c633ec2ce10140e236e15233bf576e1d323887d7c96711bd02ab5160db", [:mix], [{:mime, "~> 1.0 or ~> 2.0", [hex: :mime, repo: "hexpm", optional: false]}, {:plug_crypto, "~> 1.1.1 or ~> 1.2 or ~> 2.0", [hex: :plug_crypto, repo: "hexpm", optional: false]}, {:telemetry, "~> 0.4.3 or ~> 1.0", [hex: :telemetry, repo: "hexpm", optional: false]}], "hexpm", "be266aee1b8536ef6409d58cf39a3121319f0ec47cfa1b24024485aa0e76ad76"},
  "plug_crypto": {:hex, :plug_crypto, "2.2.0", "144014737daaf485407f5ed77daeaad74d651b216a28c87543f8cc7043f8efc8", [:mix], [], "hexpm", "83a95744ab1c75876542b6fab135fcc176280e0f301a111c1f757fddcec95d2c"},
  "prompt": {:hex, :prompt, "0.10.1", "b4f0c89f0f5b1df2890d7140936d99caa3c4bb84560bc3c4224c36413954483f", [:mix], [{:nimble_options, "~> 1.1.1", [hex: :nimble_options, repo: "hexpm", optional: false]}], "hexpm", "1d892f9b4e32e12c7230434ac0d916d098d4dd6a8fcb1a07d76637e8dde005f6"},
  "quic": {:hex, :quic, "1.8.0", "7b074fc6f8a13b4a81e4e11254bf061db61c5c07b4366d568a79a38c5e8bb5f3", [:rebar3], [], "hexpm", "6b1f8f08a45412ac503bc6771efb8edc696bb14079bc48d2ca960b92933da8a4"},
  "req": {:hex, :req, "0.7.2", "364eae2e5f5c984f2dac6d71c07f8c8c89ce0bc49c4d746dacb7a306823020de", [:mix], [{:brotli, "~> 0.3.1", [hex: :brotli, repo: "hexpm", optional: true]}, {:finch, "~> 0.21", [hex: :finch, repo: "hexpm", optional: false]}, {:jason, "~> 1.0", [hex: :jason, repo: "hexpm", optional: false]}, {:mime, "~> 2.0.6 or ~> 2.1", [hex: :mime, repo: "hexpm", optional: false]}, {:nimble_csv, "~> 1.0", [hex: :nimble_csv, repo: "hexpm", optional: true]}, {:plug, "~> 1.0", [hex: :plug, repo: "hexpm", optional: true]}], "hexpm", "c9cdfa276b05d8db2a27fda5d233e6858b764d47189d76cbb186e130a871ae0b"},
  "rewrite": {:hex, :rewrite, "1.2.0", "80220eb14010e175b67c939397e1a8cdaa2c32db6e2e0a9d5e23e45c0414ce21", [:mix], [{:glob_ex, "~> 0.1", [hex: :glob_ex, repo: "hexpm", optional: false]}, {:sourceror, "~> 1.0", [hex: :sourceror, repo: "hexpm", optional: false]}, {:text_diff, "~> 0.1", [hex: :text_diff, repo: "hexpm", optional: false]}], "hexpm", "a1cd702bbb9d51613ab21091f04a386d750fc6f4516b81900df082d78b2d8c50"},
  "sourceror": {:hex, :sourceror, "1.10.0", "38397dedbbc286966ec48c7af13e228b171332be1ad731974438c77791945ce9", [:mix], [], "hexpm", "29dbdfc92e04569c9d8e6efdc422fc1d815f4bd0055dc7c51b8800fb75c4b3f1"},
  "spitfire": {:hex, :spitfire, "0.2.1", "29e154873f05444669c7453d3d931820822cbca5170e88f0f8faa1de74a79b47", [:mix], [], "hexpm", "6eeed75054a38341b2e1814d41bb0a250564092358de2669fdb57ff88141d91b"},
  "ssl_verify_fun": {:hex, :ssl_verify_fun, "1.1.7", "354c321cf377240c7b8716899e182ce4890c5938111a1296add3ec74cf1715df", [:make, :mix, :rebar3], [], "hexpm", "fe4c190e8f37401d30167c8c405eda19469f34577987c76dde613e838bbc67f8"},
  "telemetry": {:hex, :telemetry, "1.4.2", "a0cb522801dffb1c49fe6e30561badffc7b6d0e180db1300df759faa22062855", [:rebar3], [], "hexpm", "928f6495066506077862c0d1646609eed891a4326bee3126ba54b60af61febb1"},
  "text_diff": {:hex, :text_diff, "0.1.0", "1caf3175e11a53a9a139bc9339bd607c47b9e376b073d4571c031913317fecaa", [:mix], [], "hexpm", "d1ffaaecab338e49357b6daa82e435f877e0649041ace7755583a0ea3362dbd7"},
  "thousand_island": {:hex, :thousand_island, "1.5.0", "f50a213cac97262b6d5ebb85745aa2c00fec1413191e6e66834788d45425cecb", [:mix], [{:telemetry, "~> 0.4 or ~> 1.0", [hex: :telemetry, repo: "hexpm", optional: false]}], "hexpm", "708923d40523e43cf99041ab37a0d4b0ec426ac6438fa3716ab23d919eaeb412"},
  "typed_struct": {:hex, :typed_struct, "0.3.0", "939789e3c1dca39d7170c87f729127469d1315dcf99fee8e152bb774b17e7ff7", [:mix], [], "hexpm", "c50bd5c3a61fe4e198a8504f939be3d3c85903b382bde4865579bc23111d1b6d"},
  "websock": {:hex, :websock, "0.5.3", "2f69a6ebe810328555b6fe5c831a851f485e303a7c8ce6c5f675abeb20ebdadc", [:mix], [], "hexpm", "6105453d7fac22c712ad66fab1d45abdf049868f253cf719b625151460b8b453"},
  "webtransport": {:hex, :webtransport, "0.4.5", "0e387202bbe707389fe81373ef8c56faa9d5aa321bb4800fa4765ee7c1399785", [:rebar3], [{:h2, "~> 0.12", [hex: :h2, repo: "hexpm", optional: false]}, {:quic, "~> 1.8.0", [hex: :quic, repo: "hexpm", optional: false]}], "hexpm", "bcb512239e48e551d5bd5c667312a9a7de4f29b89d84b1d33c5af44e1f3f730d"},
}
